
Microsoft Visual Studio Solution File, Format Version 12.00
# Visual Studio 2013
VisualStudioVersion = 12.0.31101.0
MinimumVisualStudioVersion = 10.0.40219.1
Project("{FAE04EC0-301F-11D3-BF4B-00C04F79EFBC}") = "02.Customer", "02.Customer\02.Customer.csproj", "{B1E13A14-BED7-43C1-B8E3-C20FCB08B444}"
EndProject
Project("{FAE04EC0-301F-11D3-BF4B-00C04F79EFBC}") = "03.StringDisperser", "03.StringDisperser\03.StringDisperser.csproj", "{AD7C386E-6CE6-4A15-B712-CDC52E619A74}"
EndProject
Global
	GlobalSection(SolutionConfigurationPlatforms) = preSolution
		Debug|Any CPU = Debug|Any CPU
		Release|Any CPU = Release|Any CPU
	EndGlobalSection
	GlobalSection(ProjectConfigurationPlatforms) = postSolution
		{B1E13A14-BED7-43C1-B8E3-C20FCB08B444}.Debug|Any CPU.ActiveCfg = Debug|Any CPU
		{B1E13A14-BED7-43C1-B8E3-C20FCB08B444}.Debug|Any CPU.Build.0 = Debug|Any CPU
		{B1E13A14-BED7-43C1-B8E3-C20FCB08B444}.Release|Any CPU.ActiveCfg = Release|Any CPU
		{B1E13A14-BED7-43C1-B8E3-C20FCB08B444}.Release|Any CPU.Build.0 = Release|Any CPU
		{AD7C386E-6CE6-4A15-B712-CDC52E619A74}.Debug|Any CPU.ActiveCfg = Debug|Any CPU
		{AD7C386E-6CE6-4A15-B712-CDC52E619A74}.Debug|Any CPU.Build.0 = Debug|Any CPU
		{AD7C386E-6CE6-4A15-B712-CDC52E619A74}.Release|Any CPU.ActiveCfg = Release|Any CPU
		{AD7C386E-6CE6-4A15-B712-CDC52E619A74}.Release|Any CPU.Build.0 = Release|Any CPU
	EndGlobalSection
	GlobalSection(SolutionProperties) = preSolution
		HideSolutionNode = FALSE
	EndGlobalSection
EndGlobal
