
Microsoft Visual Studio Solution File, Format Version 12.00
# Visual Studio 2013
VisualStudioVersion = 12.0.31101.0
MinimumVisualStudioVersion = 10.0.40219.1
Project("{FAE04EC0-301F-11D3-BF4B-00C04F79EFBC}") = "01.Persons", "Persons\01.Persons.csproj", "{AD8270CF-2B22-42D3-AD05-CCC936FF9204}"
EndProject
Project("{FAE04EC0-301F-11D3-BF4B-00C04F79EFBC}") = "02.LaptopShop", "02.LaptopShop\02.LaptopShop.csproj", "{0B824D5D-5B71-4F7C-9B44-8739A78185F6}"
EndProject
Project("{FAE04EC0-301F-11D3-BF4B-00C04F79EFBC}") = "03.PCCatalog", "03.PCCatalog\03.PCCatalog.csproj", "{64DD7532-666F-4110-8E11-41EE9CD84BE6}"
EndProject
Project("{FAE04EC0-301F-11D3-BF4B-00C04F79EFBC}") = "04.SoftwareUniversityLearningSystem", "04.SoftwareUniversityLearningSystem\04.SoftwareUniversityLearningSystem.csproj", "{78618D7E-50F4-4328-A4A7-7037C5463EF4}"
EndProject
Global
	GlobalSection(SolutionConfigurationPlatforms) = preSolution
		Debug|Any CPU = Debug|Any CPU
		Release|Any CPU = Release|Any CPU
	EndGlobalSection
	GlobalSection(ProjectConfigurationPlatforms) = postSolution
		{AD8270CF-2B22-42D3-AD05-CCC936FF9204}.Debug|Any CPU.ActiveCfg = Debug|Any CPU
		{AD8270CF-2B22-42D3-AD05-CCC936FF9204}.Debug|Any CPU.Build.0 = Debug|Any CPU
		{AD8270CF-2B22-42D3-AD05-CCC936FF9204}.Release|Any CPU.ActiveCfg = Release|Any CPU
		{AD8270CF-2B22-42D3-AD05-CCC936FF9204}.Release|Any CPU.Build.0 = Release|Any CPU
		{0B824D5D-5B71-4F7C-9B44-8739A78185F6}.Debug|Any CPU.ActiveCfg = Debug|Any CPU
		{0B824D5D-5B71-4F7C-9B44-8739A78185F6}.Debug|Any CPU.Build.0 = Debug|Any CPU
		{0B824D5D-5B71-4F7C-9B44-8739A78185F6}.Release|Any CPU.ActiveCfg = Release|Any CPU
		{0B824D5D-5B71-4F7C-9B44-8739A78185F6}.Release|Any CPU.Build.0 = Release|Any CPU
		{64DD7532-666F-4110-8E11-41EE9CD84BE6}.Debug|Any CPU.ActiveCfg = Debug|Any CPU
		{64DD7532-666F-4110-8E11-41EE9CD84BE6}.Debug|Any CPU.Build.0 = Debug|Any CPU
		{64DD7532-666F-4110-8E11-41EE9CD84BE6}.Release|Any CPU.ActiveCfg = Release|Any CPU
		{64DD7532-666F-4110-8E11-41EE9CD84BE6}.Release|Any CPU.Build.0 = Release|Any CPU
		{78618D7E-50F4-4328-A4A7-7037C5463EF4}.Debug|Any CPU.ActiveCfg = Debug|Any CPU
		{78618D7E-50F4-4328-A4A7-7037C5463EF4}.Debug|Any CPU.Build.0 = Debug|Any CPU
		{78618D7E-50F4-4328-A4A7-7037C5463EF4}.Release|Any CPU.ActiveCfg = Release|Any CPU
		{78618D7E-50F4-4328-A4A7-7037C5463EF4}.Release|Any CPU.Build.0 = Release|Any CPU
	EndGlobalSection
	GlobalSection(SolutionProperties) = preSolution
		HideSolutionNode = FALSE
	EndGlobalSection
EndGlobal
