
Microsoft Visual Studio Solution File, Format Version 12.00
# Visual Studio 2013
VisualStudioVersion = 12.0.31101.0
MinimumVisualStudioVersion = 10.0.40219.1
Project("{FAE04EC0-301F-11D3-BF4B-00C04F79EFBC}") = "01.HumanStudentAndWorker", "01.HumanStudentAndWorker\01.HumanStudentAndWorker.csproj", "{0A26A778-2483-4CC9-AF12-5C866804B4DB}"
EndProject
Project("{FAE04EC0-301F-11D3-BF4B-00C04F79EFBC}") = "02.Animals", "02.Animals\02.Animals.csproj", "{4C82D5FD-1C81-4229-9618-3C8FD785C2D2}"
EndProject
Project("{FAE04EC0-301F-11D3-BF4B-00C04F79EFBC}") = "03.CompanyHierarchy", "03.CompanyHierarchy\03.CompanyHierarchy.csproj", "{4D3FD323-B7E7-4151-A0B6-A8BD6E34B82B}"
EndProject
Global
	GlobalSection(SolutionConfigurationPlatforms) = preSolution
		Debug|Any CPU = Debug|Any CPU
		Release|Any CPU = Release|Any CPU
	EndGlobalSection
	GlobalSection(ProjectConfigurationPlatforms) = postSolution
		{0A26A778-2483-4CC9-AF12-5C866804B4DB}.Debug|Any CPU.ActiveCfg = Debug|Any CPU
		{0A26A778-2483-4CC9-AF12-5C866804B4DB}.Debug|Any CPU.Build.0 = Debug|Any CPU
		{0A26A778-2483-4CC9-AF12-5C866804B4DB}.Release|Any CPU.ActiveCfg = Release|Any CPU
		{0A26A778-2483-4CC9-AF12-5C866804B4DB}.Release|Any CPU.Build.0 = Release|Any CPU
		{4C82D5FD-1C81-4229-9618-3C8FD785C2D2}.Debug|Any CPU.ActiveCfg = Debug|Any CPU
		{4C82D5FD-1C81-4229-9618-3C8FD785C2D2}.Debug|Any CPU.Build.0 = Debug|Any CPU
		{4C82D5FD-1C81-4229-9618-3C8FD785C2D2}.Release|Any CPU.ActiveCfg = Release|Any CPU
		{4C82D5FD-1C81-4229-9618-3C8FD785C2D2}.Release|Any CPU.Build.0 = Release|Any CPU
		{4D3FD323-B7E7-4151-A0B6-A8BD6E34B82B}.Debug|Any CPU.ActiveCfg = Debug|Any CPU
		{4D3FD323-B7E7-4151-A0B6-A8BD6E34B82B}.Debug|Any CPU.Build.0 = Debug|Any CPU
		{4D3FD323-B7E7-4151-A0B6-A8BD6E34B82B}.Release|Any CPU.ActiveCfg = Release|Any CPU
		{4D3FD323-B7E7-4151-A0B6-A8BD6E34B82B}.Release|Any CPU.Build.0 = Release|Any CPU
	EndGlobalSection
	GlobalSection(SolutionProperties) = preSolution
		HideSolutionNode = FALSE
	EndGlobalSection
EndGlobal
